// !$*UTF8*$!
{
	archiveVersion = 1;
	classes = {
	};
	objectVersion = 46;
	objects = {

/* Begin PBXBuildFile section */
		D82FAFCD1F86278800211B19 /* TeamCell.swift in Sources */ = {isa = PBXBuildFile; fileRef = D82FAFCC1F86278800211B19 /* TeamCell.swift */; };
		D82FAFCF1F86448A00211B19 /* BusinessManager.swift in Sources */ = {isa = PBXBuildFile; fileRef = D82FAFCE1F86448A00211B19 /* BusinessManager.swift */; };
		D82FAFD11F865AA100211B19 /* AddEditTeamViewController.swift in Sources */ = {isa = PBXBuildFile; fileRef = D82FAFD01F865AA100211B19 /* AddEditTeamViewController.swift */; };
		D83C59AA1F8492110050055C /* AppDelegate.swift in Sources */ = {isa = PBXBuildFile; fileRef = D83C59A91F8492110050055C /* AppDelegate.swift */; };
		D83C59AC1F8492110050055C /* HomeViewController.swift in Sources */ = {isa = PBXBuildFile; fileRef = D83C59AB1F8492110050055C /* HomeViewController.swift */; };
		D83C59AF1F8492110050055C /* Main.storyboard in Resources */ = {isa = PBXBuildFile; fileRef = D83C59AD1F8492110050055C /* Main.storyboard */; };
		D83C59B11F8492110050055C /* Assets.xcassets in Resources */ = {isa = PBXBuildFile; fileRef = D83C59B01F8492110050055C /* Assets.xcassets */; };
		D83C59B41F8492110050055C /* LaunchScreen.storyboard in Resources */ = {isa = PBXBuildFile; fileRef = D83C59B21F8492110050055C /* LaunchScreen.storyboard */; };
		D83C59C01F85114D0050055C /* ResultViewController.swift in Sources */ = {isa = PBXBuildFile; fileRef = D83C59BF1F85114D0050055C /* ResultViewController.swift */; };
		D83C59C21F8539A40050055C /* Team.swift in Sources */ = {isa = PBXBuildFile; fileRef = D83C59C11F8539A40050055C /* Team.swift */; };
		D83C59C41F8539B30050055C /* Championship.swift in Sources */ = {isa = PBXBuildFile; fileRef = D83C59C31F8539B30050055C /* Championship.swift */; };
/* End PBXBuildFile section */

/* Begin PBXFileReference section */
		D82FAFCC1F86278800211B19 /* TeamCell.swift */ = {isa = PBXFileReference; fileEncoding = 4; lastKnownFileType = sourcecode.swift; path = TeamCell.swift; sourceTree = "<group>"; };
		D82FAFCE1F86448A00211B19 /* BusinessManager.swift */ = {isa = PBXFileReference; fileEncoding = 4; lastKnownFileType = sourcecode.swift; path = BusinessManager.swift; sourceTree = "<group>"; };
		D82FAFD01F865AA100211B19 /* AddEditTeamViewController.swift */ = {isa = PBXFileReference; fileEncoding = 4; lastKnownFileType = sourcecode.swift; path = AddEditTeamViewController.swift; sourceTree = "<group>"; };
		D83C59A61F8492110050055C /* FootballSimulator.app */ = {isa = PBXFileReference; explicitFileType = wrapper.application; includeInIndex = 0; path = FootballSimulator.app; sourceTree = BUILT_PRODUCTS_DIR; };
		D83C59A91F8492110050055C /* AppDelegate.swift */ = {isa = PBXFileReference; lastKnownFileType = sourcecode.swift; path = AppDelegate.swift; sourceTree = "<group>"; };
		D83C59AB1F8492110050055C /* HomeViewController.swift */ = {isa = PBXFileReference; lastKnownFileType = sourcecode.swift; path = HomeViewController.swift; sourceTree = "<group>"; };
		D83C59AE1F8492110050055C /* Base */ = {isa = PBXFileReference; lastKnownFileType = file.storyboard; name = Base; path = Base.lproj/Main.storyboard; sourceTree = "<group>"; };
		D83C59B01F8492110050055C /* Assets.xcassets */ = {isa = PBXFileReference; lastKnownFileType = folder.assetcatalog; path = Assets.xcassets; sourceTree = "<group>"; };
		D83C59B31F8492110050055C /* Base */ = {isa = PBXFileReference; lastKnownFileType = file.storyboard; name = Base; path = Base.lproj/LaunchScreen.storyboard; sourceTree = "<group>"; };
		D83C59B51F8492110050055C /* Info.plist */ = {isa = PBXFileReference; lastKnownFileType = text.plist.xml; path = Info.plist; sourceTree = "<group>"; };
		D83C59BF1F85114D0050055C /* ResultViewController.swift */ = {isa = PBXFileReference; fileEncoding = 4; lastKnownFileType = sourcecode.swift; path = ResultViewController.swift; sourceTree = "<group>"; };
		D83C59C11F8539A40050055C /* Team.swift */ = {isa = PBXFileReference; fileEncoding = 4; lastKnownFileType = sourcecode.swift; path = Team.swift; sourceTree = "<group>"; };
		D83C59C31F8539B30050055C /* Championship.swift */ = {isa = PBXFileReference; fileEncoding = 4; lastKnownFileType = sourcecode.swift; path = Championship.swift; sourceTree = "<group>"; };
/* End PBXFileReference section */

/* Begin PBXFrameworksBuildPhase section */
		D83C59A31F8492110050055C /* Frameworks */ = {
			isa = PBXFrameworksBuildPhase;
			buildActionMask = 2147483647;
			files = (
			);
			runOnlyForDeploymentPostprocessing = 0;
		};
/* End PBXFrameworksBuildPhase section */

/* Begin PBXGroup section */
		D82FAFC81F8626BF00211B19 /* ViewControllers */ = {
			isa = PBXGroup;
			children = (
				D83C59AB1F8492110050055C /* HomeViewController.swift */,
				D83C59BF1F85114D0050055C /* ResultViewController.swift */,
				D82FAFD01F865AA100211B19 /* AddEditTeamViewController.swift */,
			);
			name = ViewControllers;
			sourceTree = "<group>";
		};
		D82FAFC91F8626E600211B19 /* Views */ = {
			isa = PBXGroup;
			children = (
				D82FAFCC1F86278800211B19 /* TeamCell.swift */,
			);
			name = Views;
			sourceTree = "<group>";
		};
		D83C599D1F8492110050055C = {
			isa = PBXGroup;
			children = (
				D83C59A81F8492110050055C /* FootballSimulator */,
				D83C59A71F8492110050055C /* Products */,
			);
			sourceTree = "<group>";
		};
		D83C59A71F8492110050055C /* Products */ = {
			isa = PBXGroup;
			children = (
				D83C59A61F8492110050055C /* FootballSimulator.app */,
			);
			name = Products;
			sourceTree = "<group>";
		};
		D83C59A81F8492110050055C /* FootballSimulator */ = {
			isa = PBXGroup;
			children = (
				D83C59BB1F84F5F80050055C /* PresentationLayer */,
				D83C59BC1F84F64D0050055C /* BusinessLayer */,
				D83C59A91F8492110050055C /* AppDelegate.swift */,
				D83C59B01F8492110050055C /* Assets.xcassets */,
				D83C59AD1F8492110050055C /* Main.storyboard */,
				D83C59B21F8492110050055C /* LaunchScreen.storyboard */,
				D83C59B51F8492110050055C /* Info.plist */,
			);
			path = FootballSimulator;
			sourceTree = "<group>";
		};
		D83C59BB1F84F5F80050055C /* PresentationLayer */ = {
			isa = PBXGroup;
			children = (
				D82FAFC91F8626E600211B19 /* Views */,
				D82FAFC81F8626BF00211B19 /* ViewControllers */,
			);
			name = PresentationLayer;
			sourceTree = "<group>";
		};
		D83C59BC1F84F64D0050055C /* BusinessLayer */ = {
			isa = PBXGroup;
			children = (
				D83C59C11F8539A40050055C /* Team.swift */,
				D83C59C31F8539B30050055C /* Championship.swift */,
				D82FAFCE1F86448A00211B19 /* BusinessManager.swift */,
			);
			name = BusinessLayer;
			sourceTree = "<group>";
		};
/* End PBXGroup section */

/* Begin PBXNativeTarget section */
		D83C59A51F8492110050055C /* FootballSimulator */ = {
			isa = PBXNativeTarget;
			buildConfigurationList = D83C59B81F8492110050055C /* Build configuration list for PBXNativeTarget "FootballSimulator" */;
			buildPhases = (
				D83C59A21F8492110050055C /* Sources */,
				D83C59A31F8492110050055C /* Frameworks */,
				D83C59A41F8492110050055C /* Resources */,
			);
			buildRules = (
			);
			dependencies = (
			);
			name = FootballSimulator;
			productName = FootballSimulator;
			productReference = D83C59A61F8492110050055C /* FootballSimulator.app */;
			productType = "com.apple.product-type.application";
		};
/* End PBXNativeTarget section */

/* Begin PBXProject section */
		D83C599E1F8492110050055C /* Project object */ = {
			isa = PBXProject;
			attributes = {
				LastSwiftUpdateCheck = 0830;
				LastUpgradeCheck = 0830;
				ORGANIZATIONNAME = "Oleksandr Sytnyk";
				TargetAttributes = {
					D83C59A51F8492110050055C = {
						CreatedOnToolsVersion = 8.3.3;
						DevelopmentTeam = PZQCK5T4Z8;
						ProvisioningStyle = Automatic;
					};
				};
			};
			buildConfigurationList = D83C59A11F8492110050055C /* Build configuration list for PBXProject "FootballSimulator" */;
			compatibilityVersion = "Xcode 3.2";
			developmentRegion = English;
			hasScannedForEncodings = 0;
			knownRegions = (
				en,
				Base,
			);
			mainGroup = D83C599D1F8492110050055C;
			productRefGroup = D83C59A71F8492110050055C /* Products */;
			projectDirPath = "";
			projectRoot = "";
			targets = (
				D83C59A51F8492110050055C /* FootballSimulator */,
			);
		};
/* End PBXProject section */

/* Begin PBXResourcesBuildPhase section */
		D83C59A41F8492110050055C /* Resources */ = {
			isa = PBXResourcesBuildPhase;
			buildActionMask = 2147483647;
			files = (
				D83C59B41F8492110050055C /* LaunchScreen.storyboard in Resources */,
				D83C59B11F8492110050055C /* Assets.xcassets in Resources */,
				D83C59AF1F8492110050055C /* Main.storyboard in Resources */,
			);
			runOnlyForDeploymentPostprocessing = 0;
		};
/* End PBXResourcesBuildPhase section */

/* Begin PBXSourcesBuildPhase section */
		D83C59A21F8492110050055C /* Sources */ = {
			isa = PBXSourcesBuildPhase;
			buildActionMask = 2147483647;
			files = (
				D82FAFD11F865AA100211B19 /* AddEditTeamViewController.swift in Sources */,
				D83C59AC1F8492110050055C /* HomeViewController.swift in Sources */,
				D83C59C41F8539B30050055C /* Championship.swift in Sources */,
				D83C59AA1F8492110050055C /* AppDelegate.swift in Sources */,
				D82FAFCD1F86278800211B19 /* TeamCell.swift in Sources */,
				D83C59C01F85114D0050055C /* ResultViewController.swift in Sources */,
				D83C59C21F8539A40050055C /* Team.swift in Sources */,
				D82FAFCF1F86448A00211B19 /* BusinessManager.swift in Sources */,
			);
			runOnlyForDeploymentPostprocessing = 0;
		};
/* End PBXSourcesBuildPhase section */

/* Begin PBXVariantGroup section */
		D83C59AD1F8492110050055C /* Main.storyboard */ = {
			isa = PBXVariantGroup;
			children = (
				D83C59AE1F8492110050055C /* Base */,
			);
			name = Main.storyboard;
			sourceTree = "<group>";
		};
		D83C59B21F8492110050055C /* LaunchScreen.storyboard */ = {
			isa = PBXVariantGroup;
			children = (
				D83C59B31F8492110050055C /* Base */,
			);
			name = LaunchScreen.storyboard;
			sourceTree = "<group>";
		};
/* End PBXVariantGroup section */

/* Begin XCBuildConfiguration section */
		D83C59B61F8492110050055C /* Debug */ = {
			isa = XCBuildConfiguration;
			buildSettings = {
				ALWAYS_SEARCH_USER_PATHS = NO;
				CLANG_ANALYZER_NONNULL = YES;
				CLANG_ANALYZER_NUMBER_OBJECT_CONVERSION = YES_AGGRESSIVE;
				CLANG_CXX_LANGUAGE_STANDARD = "gnu++0x";
				CLANG_CXX_LIBRARY = "libc++";
				CLANG_ENABLE_MODULES = YES;
				CLANG_ENABLE_OBJC_ARC = YES;
				CLANG_WARN_BOOL_CONVERSION = YES;
				CLANG_WARN_CONSTANT_CONVERSION = YES;
				CLANG_WARN_DIRECT_OBJC_ISA_USAGE = YES_ERROR;
				CLANG_WARN_DOCUMENTATION_COMMENTS = YES;
				CLANG_WARN_EMPTY_BODY = YES;
				CLANG_WARN_ENUM_CONVERSION = YES;
				CLANG_WARN_INFINITE_RECURSION = YES;
				CLANG_WARN_INT_CONVERSION = YES;
				CLANG_WARN_OBJC_ROOT_CLASS = YES_ERROR;
				CLANG_WARN_SUSPICIOUS_MOVE = YES;
				CLANG_WARN_UNREACHABLE_CODE = YES;
				CLANG_WARN__DUPLICATE_METHOD_MATCH = YES;
				"CODE_SIGN_IDENTITY[sdk=iphoneos*]" = "iPhone Developer";
				COPY_PHASE_STRIP = NO;
				DEBUG_INFORMATION_FORMAT = dwarf;
				ENABLE_STRICT_OBJC_MSGSEND = YES;
				ENABLE_TESTABILITY = YES;
				GCC_C_LANGUAGE_STANDARD = gnu99;
				GCC_DYNAMIC_NO_PIC = NO;
				GCC_NO_COMMON_BLOCKS = YES;
				GCC_OPTIMIZATION_LEVEL = 0;
				GCC_PREPROCESSOR_DEFINITIONS = (
					"DEBUG=1",
					"$(inherited)",
				);
				GCC_WARN_64_TO_32_BIT_CONVERSION = YES;
				GCC_WARN_ABOUT_RETURN_TYPE = YES_ERROR;
				GCC_WARN_UNDECLARED_SELECTOR = YES;
				GCC_WARN_UNINITIALIZED_AUTOS = YES_AGGRESSIVE;
				GCC_WARN_UNUSED_FUNCTION = YES;
				GCC_WARN_UNUSED_VARIABLE = YES;
				IPHONEOS_DEPLOYMENT_TARGET = 10.3;
				MTL_ENABLE_DEBUG_INFO = YES;
				ONLY_ACTIVE_ARCH = YES;
				SDKROOT = iphoneos;
				SWIFT_ACTIVE_COMPILATION_CONDITIONS = DEBUG;
				SWIFT_OPTIMIZATION_LEVEL = "-Onone";
				TARGETED_DEVICE_FAMILY = "1,2";
			};
			name = Debug;
		};
		D83C59B71F8492110050055C /* Release */ = {
			isa = XCBuildConfiguration;
			buildSettings = {
				ALWAYS_SEARCH_USER_PATHS = NO;
				CLANG_ANALYZER_NONNULL = YES;
				CLANG_ANALYZER_NUMBER_OBJECT_CONVERSION = YES_AGGRESSIVE;
				CLANG_CXX_LANGUAGE_STANDARD = "gnu++0x";
				CLANG_CXX_LIBRARY = "libc++";
				CLANG_ENABLE_MODULES = YES;
				CLANG_ENABLE_OBJC_ARC = YES;
				CLANG_WARN_BOOL_CONVERSION = YES;
				CLANG_WARN_CONSTANT_CONVERSION = YES;
				CLANG_WARN_DIRECT_OBJC_ISA_USAGE = YES_ERROR;
				CLANG_WARN_DOCUMENTATION_COMMENTS = YES;
				CLANG_WARN_EMPTY_BODY = YES;
				CLANG_WARN_ENUM_CONVERSION = YES;
				CLANG_WARN_INFINITE_RECURSION = YES;
				CLANG_WARN_INT_CONVERSION = YES;
				CLANG_WARN_OBJC_ROOT_CLASS = YES_ERROR;
				CLANG_WARN_SUSPICIOUS_MOVE = YES;
				CLANG_WARN_UNREACHABLE_CODE = YES;
				CLANG_WARN__DUPLICATE_METHOD_MATCH = YES;
				"CODE_SIGN_IDENTITY[sdk=iphoneos*]" = "iPhone Developer";
				COPY_PHASE_STRIP = NO;
				DEBUG_INFORMATION_FORMAT = "dwarf-with-dsym";
				ENABLE_NS_ASSERTIONS = NO;
				ENABLE_STRICT_OBJC_MSGSEND = YES;
				GCC_C_LANGUAGE_STANDARD = gnu99;
				GCC_NO_COMMON_BLOCKS = YES;
				GCC_WARN_64_TO_32_BIT_CONVERSION = YES;
				GCC_WARN_ABOUT_RETURN_TYPE = YES_ERROR;
				GCC_WARN_UNDECLARED_SELECTOR = YES;
				GCC_WARN_UNINITIALIZED_AUTOS = YES_AGGRESSIVE;
				GCC_WARN_UNUSED_FUNCTION = YES;
				GCC_WARN_UNUSED_VARIABLE = YES;
				IPHONEOS_DEPLOYMENT_TARGET = 10.3;
				MTL_ENABLE_DEBUG_INFO = NO;
				SDKROOT = iphoneos;
				SWIFT_OPTIMIZATION_LEVEL = "-Owholemodule";
				TARGETED_DEVICE_FAMILY = "1,2";
				VALIDATE_PRODUCT = YES;
			};
			name = Release;
		};
		D83C59B91F8492110050055C /* Debug */ = {
			isa = XCBuildConfiguration;
			buildSettings = {
				ASSETCATALOG_COMPILER_APPICON_NAME = AppIcon;
				DEVELOPMENT_TEAM = PZQCK5T4Z8;
				INFOPLIST_FILE = FootballSimulator/Info.plist;
				LD_RUNPATH_SEARCH_PATHS = "$(inherited) @executable_path/Frameworks";
				PRODUCT_BUNDLE_IDENTIFIER = com.OleksandrSytnyk.StackReview.FootballSimulator;
				PRODUCT_NAME = "$(TARGET_NAME)";
				SWIFT_VERSION = 3.0;
				TARGETED_DEVICE_FAMILY = 1;
			};
			name = Debug;
		};
		D83C59BA1F8492110050055C /* Release */ = {
			isa = XCBuildConfiguration;
			buildSettings = {
				ASSETCATALOG_COMPILER_APPICON_NAME = AppIcon;
				DEVELOPMENT_TEAM = PZQCK5T4Z8;
				INFOPLIST_FILE = FootballSimulator/Info.plist;
				LD_RUNPATH_SEARCH_PATHS = "$(inherited) @executable_path/Frameworks";
				PRODUCT_BUNDLE_IDENTIFIER = com.OleksandrSytnyk.StackReview.FootballSimulator;
				PRODUCT_NAME = "$(TARGET_NAME)";
				SWIFT_VERSION = 3.0;
				TARGETED_DEVICE_FAMILY = 1;
			};
			name = Release;
		};
/* End XCBuildConfiguration section */

/* Begin XCConfigurationList section */
		D83C59A11F8492110050055C /* Build configuration list for PBXProject "FootballSimulator" */ = {
			isa = XCConfigurationList;
			buildConfigurations = (
				D83C59B61F8492110050055C /* Debug */,
				D83C59B71F8492110050055C /* Release */,
			);
			defaultConfigurationIsVisible = 0;
			defaultConfigurationName = Release;
		};
		D83C59B81F8492110050055C /* Build configuration list for PBXNativeTarget "FootballSimulator" */ = {
			isa = XCConfigurationList;
			buildConfigurations = (
				D83C59B91F8492110050055C /* Debug */,
				D83C59BA1F8492110050055C /* Release */,
			);
			defaultConfigurationIsVisible = 0;
			defaultConfigurationName = Release;
		};
/* End XCConfigurationList section */
	};
	rootObject = D83C599E1F8492110050055C /* Project object */;
}
